
Microsoft Visual Studio Solution File, Format Version 12.00
# Visual Studio Version 17
VisualStudioVersion = 17.0.31903.59
MinimumVisualStudioVersion = 10.0.40219.1
Project("{9A19103F-16F7-4668-BE54-9A1E7A4F7556}") = "MusicCloud.Webapp", "MusicCloud.Webapp\MusicCloud.Webapp.csproj", "{82102CC5-1985-4C8E-AE7B-0C926FE76C1C}"
EndProject
Project("{9A19103F-16F7-4668-BE54-9A1E7A4F7556}") = "MusicCloud.Application", "MusicCloud.Application\MusicCloud.Application.csproj", "{A85ADC9E-8048-40F3-A7F2-EB67729FF566}"
EndProject
Project("{9A19103F-16F7-4668-BE54-9A1E7A4F7556}") = "MusicCloud.Test", "MusicCloud.Test\MusicCloud.Test.csproj", "{0F3AAAB0-E892-4F83-B7D0-1434A27CB232}"
EndProject
Global
	GlobalSection(SolutionConfigurationPlatforms) = preSolution
		Debug|Any CPU = Debug|Any CPU
		Release|Any CPU = Release|Any CPU
	EndGlobalSection
	GlobalSection(ProjectConfigurationPlatforms) = postSolution
		{82102CC5-1985-4C8E-AE7B-0C926FE76C1C}.Debug|Any CPU.ActiveCfg = Debug|Any CPU
		{82102CC5-1985-4C8E-AE7B-0C926FE76C1C}.Debug|Any CPU.Build.0 = Debug|Any CPU
		{82102CC5-1985-4C8E-AE7B-0C926FE76C1C}.Release|Any CPU.ActiveCfg = Release|Any CPU
		{82102CC5-1985-4C8E-AE7B-0C926FE76C1C}.Release|Any CPU.Build.0 = Release|Any CPU
		{A85ADC9E-8048-40F3-A7F2-EB67729FF566}.Debug|Any CPU.ActiveCfg = Debug|Any CPU
		{A85ADC9E-8048-40F3-A7F2-EB67729FF566}.Debug|Any CPU.Build.0 = Debug|Any CPU
		{A85ADC9E-8048-40F3-A7F2-EB67729FF566}.Release|Any CPU.ActiveCfg = Release|Any CPU
		{A85ADC9E-8048-40F3-A7F2-EB67729FF566}.Release|Any CPU.Build.0 = Release|Any CPU
		{0F3AAAB0-E892-4F83-B7D0-1434A27CB232}.Debug|Any CPU.ActiveCfg = Debug|Any CPU
		{0F3AAAB0-E892-4F83-B7D0-1434A27CB232}.Debug|Any CPU.Build.0 = Debug|Any CPU
		{0F3AAAB0-E892-4F83-B7D0-1434A27CB232}.Release|Any CPU.ActiveCfg = Release|Any CPU
		{0F3AAAB0-E892-4F83-B7D0-1434A27CB232}.Release|Any CPU.Build.0 = Release|Any CPU
	EndGlobalSection
	GlobalSection(SolutionProperties) = preSolution
		HideSolutionNode = FALSE
	EndGlobalSection
	GlobalSection(ExtensibilityGlobals) = postSolution
		SolutionGuid = {D884CE4F-450F-4F82-938E-85919061980E}
	EndGlobalSection
EndGlobal
